
Microsoft Visual Studio Solution File, Format Version 12.00
# Visual Studio Version 16
VisualStudioVersion = 16.0.32929.386
MinimumVisualStudioVersion = 10.0.40219.1
Project("{FAE04EC0-301F-11D3-BF4B-00C04F79EFBC}") = "Lab 23", "Lab 23\Lab 23.csproj", "{1EC99C99-3D25-4413-8D2E-5E3C677AE38B}"
EndProject
Global
	GlobalSection(SolutionConfigurationPlatforms) = preSolution
		Debug|Any CPU = Debug|Any CPU
		Release|Any CPU = Release|Any CPU
	EndGlobalSection
	GlobalSection(ProjectConfigurationPlatforms) = postSolution
		{1EC99C99-3D25-4413-8D2E-5E3C677AE38B}.Debug|Any CPU.ActiveCfg = Debug|Any CPU
		{1EC99C99-3D25-4413-8D2E-5E3C677AE38B}.Debug|Any CPU.Build.0 = Debug|Any CPU
		{1EC99C99-3D25-4413-8D2E-5E3C677AE38B}.Release|Any CPU.ActiveCfg = Release|Any CPU
		{1EC99C99-3D25-4413-8D2E-5E3C677AE38B}.Release|Any CPU.Build.0 = Release|Any CPU
	EndGlobalSection
	GlobalSection(SolutionProperties) = preSolution
		HideSolutionNode = FALSE
	EndGlobalSection
	GlobalSection(ExtensibilityGlobals) = postSolution
		SolutionGuid = {FF6E565C-BAC7-47EC-9E22-8474B9BDC9F0}
	EndGlobalSection
EndGlobal
